// !$*UTF8*$!
{
	archiveVersion = 1;
	classes = {
	};
	objectVersion = 46;
	objects = {

/* Begin PBXBuildFile section */
		07E0256219B4A4FF002CB436 /* Foundation.framework in Frameworks */ = {isa = PBXBuildFile; fileRef = 07E0256119B4A4FF002CB436 /* Foundation.framework */; };
		07E0256419B4A4FF002CB436 /* CoreGraphics.framework in Frameworks */ = {isa = PBXBuildFile; fileRef = 07E0256319B4A4FF002CB436 /* CoreGraphics.framework */; };
		07E0256619B4A4FF002CB436 /* UIKit.framework in Frameworks */ = {isa = PBXBuildFile; fileRef = 07E0256519B4A4FF002CB436 /* UIKit.framework */; };
		07E0256C19B4A4FF002CB436 /* InfoPlist.strings in Resources */ = {isa = PBXBuildFile; fileRef = 07E0256A19B4A4FF002CB436 /* InfoPlist.strings */; };
		07E0256E19B4A4FF002CB436 /* main.m in Sources */ = {isa = PBXBuildFile; fileRef = 07E0256D19B4A4FF002CB436 /* main.m */; };
		07E0257219B4A4FF002CB436 /* MAKAppDelegate.m in Sources */ = {isa = PBXBuildFile; fileRef = 07E0257119B4A4FF002CB436 /* MAKAppDelegate.m */; };
		07E0257519B4A500002CB436 /* Main.storyboard in Resources */ = {isa = PBXBuildFile; fileRef = 07E0257319B4A500002CB436 /* Main.storyboard */; };
		07E0257819B4A500002CB436 /* MAKViewController.m in Sources */ = {isa = PBXBuildFile; fileRef = 07E0257719B4A500002CB436 /* MAKViewController.m */; };
		07E0257A19B4A500002CB436 /* Images.xcassets in Resources */ = {isa = PBXBuildFile; fileRef = 07E0257919B4A500002CB436 /* Images.xcassets */; };
		07E0258119B4A500002CB436 /* XCTest.framework in Frameworks */ = {isa = PBXBuildFile; fileRef = 07E0258019B4A500002CB436 /* XCTest.framework */; };
		07E0258219B4A500002CB436 /* Foundation.framework in Frameworks */ = {isa = PBXBuildFile; fileRef = 07E0256119B4A4FF002CB436 /* Foundation.framework */; };
		07E0258319B4A500002CB436 /* UIKit.framework in Frameworks */ = {isa = PBXBuildFile; fileRef = 07E0256519B4A4FF002CB436 /* UIKit.framework */; };
		07E0258B19B4A500002CB436 /* InfoPlist.strings in Resources */ = {isa = PBXBuildFile; fileRef = 07E0258919B4A500002CB436 /* InfoPlist.strings */; };
		07E0258D19B4A500002CB436 /* MAKImageGalleryViewTests.m in Sources */ = {isa = PBXBuildFile; fileRef = 07E0258C19B4A500002CB436 /* MAKImageGalleryViewTests.m */; };
		07E0259F19B5966C002CB436 /* image0@2x.jpg in Resources */ = {isa = PBXBuildFile; fileRef = 07E0259B19B5966C002CB436 /* image0@2x.jpg */; };
		07E025A019B5966C002CB436 /* image1@2x.jpg in Resources */ = {isa = PBXBuildFile; fileRef = 07E0259C19B5966C002CB436 /* image1@2x.jpg */; };
		07E025A119B5966C002CB436 /* image2@2x.jpg in Resources */ = {isa = PBXBuildFile; fileRef = 07E0259D19B5966C002CB436 /* image2@2x.jpg */; };
		07E025A219B5966C002CB436 /* image3@2x.jpg in Resources */ = {isa = PBXBuildFile; fileRef = 07E0259E19B5966C002CB436 /* image3@2x.jpg */; };
		07E025A619B5AB44002CB436 /* MAKImageGalleryView.m in Sources */ = {isa = PBXBuildFile; fileRef = 07E025A519B5AB44002CB436 /* MAKImageGalleryView.m */; };
/* End PBXBuildFile section */

/* Begin PBXContainerItemProxy section */
		07E0258419B4A500002CB436 /* PBXContainerItemProxy */ = {
			isa = PBXContainerItemProxy;
			containerPortal = 07E0255619B4A4FF002CB436 /* Project object */;
			proxyType = 1;
			remoteGlobalIDString = 07E0255D19B4A4FF002CB436;
			remoteInfo = MAKImageGalleryView;
		};
/* End PBXContainerItemProxy section */

/* Begin PBXFileReference section */
		07E0255E19B4A4FF002CB436 /* MAKImageGalleryView.app */ = {isa = PBXFileReference; explicitFileType = wrapper.application; includeInIndex = 0; path = MAKImageGalleryView.app; sourceTree = BUILT_PRODUCTS_DIR; };
		07E0256119B4A4FF002CB436 /* Foundation.framework */ = {isa = PBXFileReference; lastKnownFileType = wrapper.framework; name = Foundation.framework; path = System/Library/Frameworks/Foundation.framework; sourceTree = SDKROOT; };
		07E0256319B4A4FF002CB436 /* CoreGraphics.framework */ = {isa = PBXFileReference; lastKnownFileType = wrapper.framework; name = CoreGraphics.framework; path = System/Library/Frameworks/CoreGraphics.framework; sourceTree = SDKROOT; };
		07E0256519B4A4FF002CB436 /* UIKit.framework */ = {isa = PBXFileReference; lastKnownFileType = wrapper.framework; name = UIKit.framework; path = System/Library/Frameworks/UIKit.framework; sourceTree = SDKROOT; };
		07E0256919B4A4FF002CB436 /* MAKImageGalleryView-Info.plist */ = {isa = PBXFileReference; lastKnownFileType = text.plist.xml; path = "MAKImageGalleryView-Info.plist"; sourceTree = "<group>"; };
		07E0256B19B4A4FF002CB436 /* en */ = {isa = PBXFileReference; lastKnownFileType = text.plist.strings; name = en; path = en.lproj/InfoPlist.strings; sourceTree = "<group>"; };
		07E0256D19B4A4FF002CB436 /* main.m */ = {isa = PBXFileReference; lastKnownFileType = sourcecode.c.objc; path = main.m; sourceTree = "<group>"; };
		07E0256F19B4A4FF002CB436 /* MAKImageGalleryView-Prefix.pch */ = {isa = PBXFileReference; lastKnownFileType = sourcecode.c.h; path = "MAKImageGalleryView-Prefix.pch"; sourceTree = "<group>"; };
		07E0257019B4A4FF002CB436 /* MAKAppDelegate.h */ = {isa = PBXFileReference; lastKnownFileType = sourcecode.c.h; path = MAKAppDelegate.h; sourceTree = "<group>"; };
		07E0257119B4A4FF002CB436 /* MAKAppDelegate.m */ = {isa = PBXFileReference; lastKnownFileType = sourcecode.c.objc; path = MAKAppDelegate.m; sourceTree = "<group>"; };
		07E0257419B4A500002CB436 /* Base */ = {isa = PBXFileReference; lastKnownFileType = file.storyboard; name = Base; path = Base.lproj/Main.storyboard; sourceTree = "<group>"; };
		07E0257619B4A500002CB436 /* MAKViewController.h */ = {isa = PBXFileReference; lastKnownFileType = sourcecode.c.h; path = MAKViewController.h; sourceTree = "<group>"; };
		07E0257719B4A500002CB436 /* MAKViewController.m */ = {isa = PBXFileReference; lastKnownFileType = sourcecode.c.objc; path = MAKViewController.m; sourceTree = "<group>"; };
		07E0257919B4A500002CB436 /* Images.xcassets */ = {isa = PBXFileReference; lastKnownFileType = folder.assetcatalog; path = Images.xcassets; sourceTree = "<group>"; };
		07E0257F19B4A500002CB436 /* MAKImageGalleryViewTests.xctest */ = {isa = PBXFileReference; explicitFileType = wrapper.cfbundle; includeInIndex = 0; path = MAKImageGalleryViewTests.xctest; sourceTree = BUILT_PRODUCTS_DIR; };
		07E0258019B4A500002CB436 /* XCTest.framework */ = {isa = PBXFileReference; lastKnownFileType = wrapper.framework; name = XCTest.framework; path = Library/Frameworks/XCTest.framework; sourceTree = DEVELOPER_DIR; };
		07E0258819B4A500002CB436 /* MAKImageGalleryViewTests-Info.plist */ = {isa = PBXFileReference; lastKnownFileType = text.plist.xml; path = "MAKImageGalleryViewTests-Info.plist"; sourceTree = "<group>"; };
		07E0258A19B4A500002CB436 /* en */ = {isa = PBXFileReference; lastKnownFileType = text.plist.strings; name = en; path = en.lproj/InfoPlist.strings; sourceTree = "<group>"; };
		07E0258C19B4A500002CB436 /* MAKImageGalleryViewTests.m */ = {isa = PBXFileReference; lastKnownFileType = sourcecode.c.objc; path = MAKImageGalleryViewTests.m; sourceTree = "<group>"; };
		07E0259B19B5966C002CB436 /* image0@2x.jpg */ = {isa = PBXFileReference; lastKnownFileType = image.jpeg; path = "image0@2x.jpg"; sourceTree = "<group>"; };
		07E0259C19B5966C002CB436 /* image1@2x.jpg */ = {isa = PBXFileReference; lastKnownFileType = image.jpeg; path = "image1@2x.jpg"; sourceTree = "<group>"; };
		07E0259D19B5966C002CB436 /* image2@2x.jpg */ = {isa = PBXFileReference; lastKnownFileType = image.jpeg; path = "image2@2x.jpg"; sourceTree = "<group>"; };
		07E0259E19B5966C002CB436 /* image3@2x.jpg */ = {isa = PBXFileReference; lastKnownFileType = image.jpeg; path = "image3@2x.jpg"; sourceTree = "<group>"; };
		07E025A419B5AB44002CB436 /* MAKImageGalleryView.h */ = {isa = PBXFileReference; fileEncoding = 4; lastKnownFileType = sourcecode.c.h; path = MAKImageGalleryView.h; sourceTree = "<group>"; };
		07E025A519B5AB44002CB436 /* MAKImageGalleryView.m */ = {isa = PBXFileReference; fileEncoding = 4; lastKnownFileType = sourcecode.c.objc; path = MAKImageGalleryView.m; sourceTree = "<group>"; };
/* End PBXFileReference section */

/* Begin PBXFrameworksBuildPhase section */
		07E0255B19B4A4FF002CB436 /* Frameworks */ = {
			isa = PBXFrameworksBuildPhase;
			buildActionMask = 2147483647;
			files = (
				07E0256419B4A4FF002CB436 /* CoreGraphics.framework in Frameworks */,
				07E0256619B4A4FF002CB436 /* UIKit.framework in Frameworks */,
				07E0256219B4A4FF002CB436 /* Foundation.framework in Frameworks */,
			);
			runOnlyForDeploymentPostprocessing = 0;
		};
		07E0257C19B4A500002CB436 /* Frameworks */ = {
			isa = PBXFrameworksBuildPhase;
			buildActionMask = 2147483647;
			files = (
				07E0258119B4A500002CB436 /* XCTest.framework in Frameworks */,
				07E0258319B4A500002CB436 /* UIKit.framework in Frameworks */,
				07E0258219B4A500002CB436 /* Foundation.framework in Frameworks */,
			);
			runOnlyForDeploymentPostprocessing = 0;
		};
/* End PBXFrameworksBuildPhase section */

/* Begin PBXGroup section */
		07E0255519B4A4FF002CB436 = {
			isa = PBXGroup;
			children = (
				07E025A319B5AB44002CB436 /* Classes */,
				07E0256719B4A4FF002CB436 /* MAKImageGalleryView */,
				07E0258619B4A500002CB436 /* MAKImageGalleryViewTests */,
				07E0256019B4A4FF002CB436 /* Frameworks */,
				07E0255F19B4A4FF002CB436 /* Products */,
			);
			sourceTree = "<group>";
		};
		07E0255F19B4A4FF002CB436 /* Products */ = {
			isa = PBXGroup;
			children = (
				07E0255E19B4A4FF002CB436 /* MAKImageGalleryView.app */,
				07E0257F19B4A500002CB436 /* MAKImageGalleryViewTests.xctest */,
			);
			name = Products;
			sourceTree = "<group>";
		};
		07E0256019B4A4FF002CB436 /* Frameworks */ = {
			isa = PBXGroup;
			children = (
				07E0256119B4A4FF002CB436 /* Foundation.framework */,
				07E0256319B4A4FF002CB436 /* CoreGraphics.framework */,
				07E0256519B4A4FF002CB436 /* UIKit.framework */,
				07E0258019B4A500002CB436 /* XCTest.framework */,
			);
			name = Frameworks;
			sourceTree = "<group>";
		};
		07E0256719B4A4FF002CB436 /* MAKImageGalleryView */ = {
			isa = PBXGroup;
			children = (
				07E0259A19B5966C002CB436 /* Images */,
				07E0257019B4A4FF002CB436 /* MAKAppDelegate.h */,
				07E0257119B4A4FF002CB436 /* MAKAppDelegate.m */,
				07E0257319B4A500002CB436 /* Main.storyboard */,
				07E0257619B4A500002CB436 /* MAKViewController.h */,
				07E0257719B4A500002CB436 /* MAKViewController.m */,
				07E0257919B4A500002CB436 /* Images.xcassets */,
				07E0256819B4A4FF002CB436 /* Supporting Files */,
			);
			path = MAKImageGalleryView;
			sourceTree = "<group>";
		};
		07E0256819B4A4FF002CB436 /* Supporting Files */ = {
			isa = PBXGroup;
			children = (
				07E0256919B4A4FF002CB436 /* MAKImageGalleryView-Info.plist */,
				07E0256A19B4A4FF002CB436 /* InfoPlist.strings */,
				07E0256D19B4A4FF002CB436 /* main.m */,
				07E0256F19B4A4FF002CB436 /* MAKImageGalleryView-Prefix.pch */,
			);
			name = "Supporting Files";
			sourceTree = "<group>";
		};
		07E0258619B4A500002CB436 /* MAKImageGalleryViewTests */ = {
			isa = PBXGroup;
			children = (
				07E0258C19B4A500002CB436 /* MAKImageGalleryViewTests.m */,
				07E0258719B4A500002CB436 /* Supporting Files */,
			);
			path = MAKImageGalleryViewTests;
			sourceTree = "<group>";
		};
		07E0258719B4A500002CB436 /* Supporting Files */ = {
			isa = PBXGroup;
			children = (
				07E0258819B4A500002CB436 /* MAKImageGalleryViewTests-Info.plist */,
				07E0258919B4A500002CB436 /* InfoPlist.strings */,
			);
			name = "Supporting Files";
			sourceTree = "<group>";
		};
		07E0259A19B5966C002CB436 /* Images */ = {
			isa = PBXGroup;
			children = (
				07E0259B19B5966C002CB436 /* image0@2x.jpg */,
				07E0259C19B5966C002CB436 /* image1@2x.jpg */,
				07E0259D19B5966C002CB436 /* image2@2x.jpg */,
				07E0259E19B5966C002CB436 /* image3@2x.jpg */,
			);
			path = Images;
			sourceTree = "<group>";
		};
		07E025A319B5AB44002CB436 /* Classes */ = {
			isa = PBXGroup;
			children = (
				07E025A419B5AB44002CB436 /* MAKImageGalleryView.h */,
				07E025A519B5AB44002CB436 /* MAKImageGalleryView.m */,
			);
			name = Classes;
			path = ../Classes;
			sourceTree = "<group>";
		};
/* End PBXGroup section */

/* Begin PBXNativeTarget section */
		07E0255D19B4A4FF002CB436 /* MAKImageGalleryView */ = {
			isa = PBXNativeTarget;
			buildConfigurationList = 07E0259019B4A500002CB436 /* Build configuration list for PBXNativeTarget "MAKImageGalleryView" */;
			buildPhases = (
				07E0255A19B4A4FF002CB436 /* Sources */,
				07E0255B19B4A4FF002CB436 /* Frameworks */,
				07E0255C19B4A4FF002CB436 /* Resources */,
			);
			buildRules = (
			);
			dependencies = (
			);
			name = MAKImageGalleryView;
			productName = MAKImageGalleryView;
			productReference = 07E0255E19B4A4FF002CB436 /* MAKImageGalleryView.app */;
			productType = "com.apple.product-type.application";
		};
		07E0257E19B4A500002CB436 /* MAKImageGalleryViewTests */ = {
			isa = PBXNativeTarget;
			buildConfigurationList = 07E0259319B4A500002CB436 /* Build configuration list for PBXNativeTarget "MAKImageGalleryViewTests" */;
			buildPhases = (
				07E0257B19B4A500002CB436 /* Sources */,
				07E0257C19B4A500002CB436 /* Frameworks */,
				07E0257D19B4A500002CB436 /* Resources */,
			);
			buildRules = (
			);
			dependencies = (
				07E0258519B4A500002CB436 /* PBXTargetDependency */,
			);
			name = MAKImageGalleryViewTests;
			productName = MAKImageGalleryViewTests;
			productReference = 07E0257F19B4A500002CB436 /* MAKImageGalleryViewTests.xctest */;
			productType = "com.apple.product-type.bundle.unit-test";
		};
/* End PBXNativeTarget section */

/* Begin PBXProject section */
		07E0255619B4A4FF002CB436 /* Project object */ = {
			isa = PBXProject;
			attributes = {
				CLASSPREFIX = MAK;
				LastUpgradeCheck = 0510;
				ORGANIZATIONNAME = diniska;
				TargetAttributes = {
					07E0257E19B4A500002CB436 = {
						TestTargetID = 07E0255D19B4A4FF002CB436;
					};
				};
			};
			buildConfigurationList = 07E0255919B4A4FF002CB436 /* Build configuration list for PBXProject "MAKImageGalleryView" */;
			compatibilityVersion = "Xcode 3.2";
			developmentRegion = English;
			hasScannedForEncodings = 0;
			knownRegions = (
				en,
				Base,
			);
			mainGroup = 07E0255519B4A4FF002CB436;
			productRefGroup = 07E0255F19B4A4FF002CB436 /* Products */;
			projectDirPath = "";
			projectRoot = "";
			targets = (
				07E0255D19B4A4FF002CB436 /* MAKImageGalleryView */,
				07E0257E19B4A500002CB436 /* MAKImageGalleryViewTests */,
			);
		};
/* End PBXProject section */

/* Begin PBXResourcesBuildPhase section */
		07E0255C19B4A4FF002CB436 /* Resources */ = {
			isa = PBXResourcesBuildPhase;
			buildActionMask = 2147483647;
			files = (
				07E0259F19B5966C002CB436 /* image0@2x.jpg in Resources */,
				07E025A019B5966C002CB436 /* image1@2x.jpg in Resources */,
				07E0257A19B4A500002CB436 /* Images.xcassets in Resources */,
				07E0256C19B4A4FF002CB436 /* InfoPlist.strings in Resources */,
				07E025A119B5966C002CB436 /* image2@2x.jpg in Resources */,
				07E025A219B5966C002CB436 /* image3@2x.jpg in Resources */,
				07E0257519B4A500002CB436 /* Main.storyboard in Resources */,
			);
			runOnlyForDeploymentPostprocessing = 0;
		};
		07E0257D19B4A500002CB436 /* Resources */ = {
			isa = PBXResourcesBuildPhase;
			buildActionMask = 2147483647;
			files = (
				07E0258B19B4A500002CB436 /* InfoPlist.strings in Resources */,
			);
			runOnlyForDeploymentPostprocessing = 0;
		};
/* End PBXResourcesBuildPhase section */

/* Begin PBXSourcesBuildPhase section */
		07E0255A19B4A4FF002CB436 /* Sources */ = {
			isa = PBXSourcesBuildPhase;
			buildActionMask = 2147483647;
			files = (
				07E0257219B4A4FF002CB436 /* MAKAppDelegate.m in Sources */,
				07E0256E19B4A4FF002CB436 /* main.m in Sources */,
				07E0257819B4A500002CB436 /* MAKViewController.m in Sources */,
				07E025A619B5AB44002CB436 /* MAKImageGalleryView.m in Sources */,
			);
			runOnlyForDeploymentPostprocessing = 0;
		};
		07E0257B19B4A500002CB436 /* Sources */ = {
			isa = PBXSourcesBuildPhase;
			buildActionMask = 2147483647;
			files = (
				07E0258D19B4A500002CB436 /* MAKImageGalleryViewTests.m in Sources */,
			);
			runOnlyForDeploymentPostprocessing = 0;
		};
/* End PBXSourcesBuildPhase section */

/* Begin PBXTargetDependency section */
		07E0258519B4A500002CB436 /* PBXTargetDependency */ = {
			isa = PBXTargetDependency;
			target = 07E0255D19B4A4FF002CB436 /* MAKImageGalleryView */;
			targetProxy = 07E0258419B4A500002CB436 /* PBXContainerItemProxy */;
		};
/* End PBXTargetDependency section */

/* Begin PBXVariantGroup section */
		07E0256A19B4A4FF002CB436 /* InfoPlist.strings */ = {
			isa = PBXVariantGroup;
			children = (
				07E0256B19B4A4FF002CB436 /* en */,
			);
			name = InfoPlist.strings;
			sourceTree = "<group>";
		};
		07E0257319B4A500002CB436 /* Main.storyboard */ = {
			isa = PBXVariantGroup;
			children = (
				07E0257419B4A500002CB436 /* Base */,
			);
			name = Main.storyboard;
			sourceTree = "<group>";
		};
		07E0258919B4A500002CB436 /* InfoPlist.strings */ = {
			isa = PBXVariantGroup;
			children = (
				07E0258A19B4A500002CB436 /* en */,
			);
			name = InfoPlist.strings;
			sourceTree = "<group>";
		};
/* End PBXVariantGroup section */

/* Begin XCBuildConfiguration section */
		07E0258E19B4A500002CB436 /* Debug */ = {
			isa = XCBuildConfiguration;
			buildSettings = {
				ALWAYS_SEARCH_USER_PATHS = NO;
				CLANG_CXX_LANGUAGE_STANDARD = "gnu++0x";
				CLANG_CXX_LIBRARY = "libc++";
				CLANG_ENABLE_MODULES = YES;
				CLANG_ENABLE_OBJC_ARC = YES;
				CLANG_WARN_BOOL_CONVERSION = YES;
				CLANG_WARN_CONSTANT_CONVERSION = YES;
				CLANG_WARN_DIRECT_OBJC_ISA_USAGE = YES_ERROR;
				CLANG_WARN_EMPTY_BODY = YES;
				CLANG_WARN_ENUM_CONVERSION = YES;
				CLANG_WARN_INT_CONVERSION = YES;
				CLANG_WARN_OBJC_ROOT_CLASS = YES_ERROR;
				CLANG_WARN__DUPLICATE_METHOD_MATCH = YES;
				"CODE_SIGN_IDENTITY[sdk=iphoneos*]" = "iPhone Developer";
				COPY_PHASE_STRIP = NO;
				GCC_C_LANGUAGE_STANDARD = gnu99;
				GCC_DYNAMIC_NO_PIC = NO;
				GCC_OPTIMIZATION_LEVEL = 0;
				GCC_PREPROCESSOR_DEFINITIONS = (
					"DEBUG=1",
					"$(inherited)",
				);
				GCC_SYMBOLS_PRIVATE_EXTERN = NO;
				GCC_WARN_64_TO_32_BIT_CONVERSION = YES;
				GCC_WARN_ABOUT_RETURN_TYPE = YES_ERROR;
				GCC_WARN_UNDECLARED_SELECTOR = YES;
				GCC_WARN_UNINITIALIZED_AUTOS = YES_AGGRESSIVE;
				GCC_WARN_UNUSED_FUNCTION = YES;
				GCC_WARN_UNUSED_VARIABLE = YES;
				IPHONEOS_DEPLOYMENT_TARGET = 7.1;
				ONLY_ACTIVE_ARCH = YES;
				SDKROOT = iphoneos;
			};
			name = Debug;
		};
		07E0258F19B4A500002CB436 /* Release */ = {
			isa = XCBuildConfiguration;
			buildSettings = {
				ALWAYS_SEARCH_USER_PATHS = NO;
				CLANG_CXX_LANGUAGE_STANDARD = "gnu++0x";
				CLANG_CXX_LIBRARY = "libc++";
				CLANG_ENABLE_MODULES = YES;
				CLANG_ENABLE_OBJC_ARC = YES;
				CLANG_WARN_BOOL_CONVERSION = YES;
				CLANG_WARN_CONSTANT_CONVERSION = YES;
				CLANG_WARN_DIRECT_OBJC_ISA_USAGE = YES_ERROR;
				CLANG_WARN_EMPTY_BODY = YES;
				CLANG_WARN_ENUM_CONVERSION = YES;
				CLANG_WARN_INT_CONVERSION = YES;
				CLANG_WARN_OBJC_ROOT_CLASS = YES_ERROR;
				CLANG_WARN__DUPLICATE_METHOD_MATCH = YES;
				"CODE_SIGN_IDENTITY[sdk=iphoneos*]" = "iPhone Developer";
				COPY_PHASE_STRIP = YES;
				ENABLE_NS_ASSERTIONS = NO;
				GCC_C_LANGUAGE_STANDARD = gnu99;
				GCC_WARN_64_TO_32_BIT_CONVERSION = YES;
				GCC_WARN_ABOUT_RETURN_TYPE = YES_ERROR;
				GCC_WARN_UNDECLARED_SELECTOR = YES;
				GCC_WARN_UNINITIALIZED_AUTOS = YES_AGGRESSIVE;
				GCC_WARN_UNUSED_FUNCTION = YES;
				GCC_WARN_UNUSED_VARIABLE = YES;
				IPHONEOS_DEPLOYMENT_TARGET = 7.1;
				SDKROOT = iphoneos;
				VALIDATE_PRODUCT = YES;
			};
			name = Release;
		};
		07E0259119B4A500002CB436 /* Debug */ = {
			isa = XCBuildConfiguration;
			buildSettings = {
				ASSETCATALOG_COMPILER_APPICON_NAME = AppIcon;
				ASSETCATALOG_COMPILER_LAUNCHIMAGE_NAME = LaunchImage;
				GCC_PRECOMPILE_PREFIX_HEADER = YES;
				GCC_PREFIX_HEADER = "MAKImageGalleryView/MAKImageGalleryView-Prefix.pch";
				INFOPLIST_FILE = "MAKImageGalleryView/MAKImageGalleryView-Info.plist";
				PRODUCT_NAME = "$(TARGET_NAME)";
				WRAPPER_EXTENSION = app;
			};
			name = Debug;
		};
		07E0259219B4A500002CB436 /* Release */ = {
			isa = XCBuildConfiguration;
			buildSettings = {
				ASSETCATALOG_COMPILER_APPICON_NAME = AppIcon;
				ASSETCATALOG_COMPILER_LAUNCHIMAGE_NAME = LaunchImage;
				GCC_PRECOMPILE_PREFIX_HEADER = YES;
				GCC_PREFIX_HEADER = "MAKImageGalleryView/MAKImageGalleryView-Prefix.pch";
				INFOPLIST_FILE = "MAKImageGalleryView/MAKImageGalleryView-Info.plist";
				PRODUCT_NAME = "$(TARGET_NAME)";
				WRAPPER_EXTENSION = app;
			};
			name = Release;
		};
		07E0259419B4A500002CB436 /* Debug */ = {
			isa = XCBuildConfiguration;
			buildSettings = {
				BUNDLE_LOADER = "$(BUILT_PRODUCTS_DIR)/MAKImageGalleryView.app/MAKImageGalleryView";
				FRAMEWORK_SEARCH_PATHS = (
					"$(SDKROOT)/Developer/Library/Frameworks",
					"$(inherited)",
					"$(DEVELOPER_FRAMEWORKS_DIR)",
				);
				GCC_PRECOMPILE_PREFIX_HEADER = YES;
				GCC_PREFIX_HEADER = "MAKImageGalleryView/MAKImageGalleryView-Prefix.pch";
				GCC_PREPROCESSOR_DEFINITIONS = (
					"DEBUG=1",
					"$(inherited)",
				);
				INFOPLIST_FILE = "MAKImageGalleryViewTests/MAKImageGalleryViewTests-Info.plist";
				PRODUCT_NAME = "$(TARGET_NAME)";
				TEST_HOST = "$(BUNDLE_LOADER)";
				WRAPPER_EXTENSION = xctest;
			};
			name = Debug;
		};
		07E0259519B4A500002CB436 /* Release */ = {
			isa = XCBuildConfiguration;
			buildSettings = {
				BUNDLE_LOADER = "$(BUILT_PRODUCTS_DIR)/MAKImageGalleryView.app/MAKImageGalleryView";
				FRAMEWORK_SEARCH_PATHS = (
					"$(SDKROOT)/Developer/Library/Frameworks",
					"$(inherited)",
					"$(DEVELOPER_FRAMEWORKS_DIR)",
				);
				GCC_PRECOMPILE_PREFIX_HEADER = YES;
				GCC_PREFIX_HEADER = "MAKImageGalleryView/MAKImageGalleryView-Prefix.pch";
				INFOPLIST_FILE = "MAKImageGalleryViewTests/MAKImageGalleryViewTests-Info.plist";
				PRODUCT_NAME = "$(TARGET_NAME)";
				TEST_HOST = "$(BUNDLE_LOADER)";
				WRAPPER_EXTENSION = xctest;
			};
			name = Release;
		};
/* End XCBuildConfiguration section */

/* Begin XCConfigurationList section */
		07E0255919B4A4FF002CB436 /* Build configuration list for PBXProject "MAKImageGalleryView" */ = {
			isa = XCConfigurationList;
			buildConfigurations = (
				07E0258E19B4A500002CB436 /* Debug */,
				07E0258F19B4A500002CB436 /* Release */,
			);
			defaultConfigurationIsVisible = 0;
			defaultConfigurationName = Release;
		};
		07E0259019B4A500002CB436 /* Build configuration list for PBXNativeTarget "MAKImageGalleryView" */ = {
			isa = XCConfigurationList;
			buildConfigurations = (
				07E0259119B4A500002CB436 /* Debug */,
				07E0259219B4A500002CB436 /* Release */,
			);
			defaultConfigurationIsVisible = 0;
			defaultConfigurationName = Release;
		};
		07E0259319B4A500002CB436 /* Build configuration list for PBXNativeTarget "MAKImageGalleryViewTests" */ = {
			isa = XCConfigurationList;
			buildConfigurations = (
				07E0259419B4A500002CB436 /* Debug */,
				07E0259519B4A500002CB436 /* Release */,
			);
			defaultConfigurationIsVisible = 0;
			defaultConfigurationName = Release;
		};
/* End XCConfigurationList section */
	};
	rootObject = 07E0255619B4A4FF002CB436 /* Project object */;
}
